
Microsoft Visual Studio Solution File, Format Version 12.00
# Visual Studio 14
VisualStudioVersion = 14.0.25420.1
MinimumVisualStudioVersion = 10.0.40219.1
Project("{159641D6-6404-4A2A-AE62-294DE0FE8301}") = "julkaisut_take1", "julkaisut_take1\julkaisut_take1.dtproj", "{EC1A22D4-3EBC-421C-835F-F4FB6DFD59FA}"
EndProject
Global
	GlobalSection(SolutionConfigurationPlatforms) = preSolution
		Development|Default = Development|Default
	EndGlobalSection
	GlobalSection(ProjectConfigurationPlatforms) = postSolution
		{EC1A22D4-3EBC-421C-835F-F4FB6DFD59FA}.Development|Default.ActiveCfg = Development
		{EC1A22D4-3EBC-421C-835F-F4FB6DFD59FA}.Development|Default.Build.0 = Development
	EndGlobalSection
	GlobalSection(SolutionProperties) = preSolution
		HideSolutionNode = FALSE
	EndGlobalSection
EndGlobal
